PODS:
  - Flutter (1.0.0)
  - flutter_printlink (1.0.0):
    - Flutter

DEPENDENCIES:
  - Flutter (from `Flutter`)
  - flutter_printlink (from `.symlinks/plugins/flutter_printlink/ios`)

EXTERNAL SOURCES:
  Flutter:
    :path: Flutter
  flutter_printlink:
    :path: ".symlinks/plugins/flutter_printlink/ios"

SPEC CHECKSUMS:
  Flutter: e0871f40cf51350855a761d2e70bf5af5b9b5de7
  flutter_printlink: 03d787f7a183c7f5fe65569537c1bd438d8580bc

PODFILE CHECKSUM: 4305caec6b40dde0ae97be1573c53de1882a07e5

COCOAPODS: 1.16.2
